
Microsoft Visual Studio Solution File, Format Version 12.00
# Visual Studio Version 17
VisualStudioVersion = 17.6.33815.320
MinimumVisualStudioVersion = 10.0.40219.1
Project("{FAE04EC0-301F-11D3-BF4B-00C04F79EFBC}") = "FirstCourseProject", "FirstCourseProject\FirstCourseProject.csproj", "{C75B9D77-1BE6-468C-8106-D34497DAFDFC}"
EndProject
Global
	GlobalSection(SolutionConfigurationPlatforms) = preSolution
		Debug|Any CPU = Debug|Any CPU
		Release|Any CPU = Release|Any CPU
	EndGlobalSection
	GlobalSection(ProjectConfigurationPlatforms) = postSolution
		{C75B9D77-1BE6-468C-8106-D34497DAFDFC}.Debug|Any CPU.ActiveCfg = Debug|Any CPU
		{C75B9D77-1BE6-468C-8106-D34497DAFDFC}.Debug|Any CPU.Build.0 = Debug|Any CPU
		{C75B9D77-1BE6-468C-8106-D34497DAFDFC}.Release|Any CPU.ActiveCfg = Release|Any CPU
		{C75B9D77-1BE6-468C-8106-D34497DAFDFC}.Release|Any CPU.Build.0 = Release|Any CPU
	EndGlobalSection
	GlobalSection(SolutionProperties) = preSolution
		HideSolutionNode = FALSE
	EndGlobalSection
	GlobalSection(ExtensibilityGlobals) = postSolution
		SolutionGuid = {3C09E94E-C844-4CD1-975A-A35E91FF44D3}
	EndGlobalSection
EndGlobal
